
Microsoft Visual Studio Solution File, Format Version 12.00
# Visual Studio Version 16
VisualStudioVersion = 16.0.31321.278
MinimumVisualStudioVersion = 10.0.40219.1
Project("{8BC9CEB8-8B4A-11D0-8D11-00A0C91BC942}") = "Prepare_coding_test", "Prepare_coding_test.vcxproj", "{5957E6B5-0DAF-4374-88FD-B6D7433384C3}"
EndProject
Global
	GlobalSection(SolutionConfigurationPlatforms) = preSolution
		Debug|x64 = Debug|x64
		Debug|x86 = Debug|x86
		Release|x64 = Release|x64
		Release|x86 = Release|x86
	EndGlobalSection
	GlobalSection(ProjectConfigurationPlatforms) = postSolution
		{5957E6B5-0DAF-4374-88FD-B6D7433384C3}.Debug|x64.ActiveCfg = Debug|x64
		{5957E6B5-0DAF-4374-88FD-B6D7433384C3}.Debug|x64.Build.0 = Debug|x64
		{5957E6B5-0DAF-4374-88FD-B6D7433384C3}.Debug|x86.ActiveCfg = Debug|Win32
		{5957E6B5-0DAF-4374-88FD-B6D7433384C3}.Debug|x86.Build.0 = Debug|Win32
		{5957E6B5-0DAF-4374-88FD-B6D7433384C3}.Release|x64.ActiveCfg = Release|x64
		{5957E6B5-0DAF-4374-88FD-B6D7433384C3}.Release|x64.Build.0 = Release|x64
		{5957E6B5-0DAF-4374-88FD-B6D7433384C3}.Release|x86.ActiveCfg = Release|Win32
		{5957E6B5-0DAF-4374-88FD-B6D7433384C3}.Release|x86.Build.0 = Release|Win32
	EndGlobalSection
	GlobalSection(SolutionProperties) = preSolution
		HideSolutionNode = FALSE
	EndGlobalSection
	GlobalSection(ExtensibilityGlobals) = postSolution
		SolutionGuid = {AA6EA95F-D82B-4497-95C8-8AF7D3D0CFA1}
	EndGlobalSection
EndGlobal
